
Microsoft Visual Studio Solution File, Format Version 12.00
# Visual Studio Version 17
VisualStudioVersion = 17.0.31903.59
MinimumVisualStudioVersion = 10.0.40219.1
Project("{2150E333-8FDC-42A3-9474-1A3956D46DE8}") = "src", "src", "{FB77FEE9-65C4-49D9-B870-8FF9D8FFAE46}"
EndProject
Project("{FAE04EC0-301F-11D3-BF4B-00C04F79EFBC}") = "Api", "src\Api\Api.csproj", "{A6EE74BE-70D7-4425-847E-2A3819C8E16F}"
EndProject
Project("{FAE04EC0-301F-11D3-BF4B-00C04F79EFBC}") = "Application", "src\Application\Application.csproj", "{34A90001-48D5-4209-B9D9-49DD8C5834FB}"
EndProject
Project("{FAE04EC0-301F-11D3-BF4B-00C04F79EFBC}") = "Domain", "src\Domain\Domain.csproj", "{1FDFFD00-D98B-42CA-B74F-0A85A876FDE2}"
EndProject
Project("{FAE04EC0-301F-11D3-BF4B-00C04F79EFBC}") = "Infrastructure", "src\Infrastructure\Infrastructure.csproj", "{F120433D-18F5-4A3B-B34A-4609DD52C9A9}"
EndProject
Global
	GlobalSection(SolutionConfigurationPlatforms) = preSolution
		Debug|Any CPU = Debug|Any CPU
		Release|Any CPU = Release|Any CPU
	EndGlobalSection
	GlobalSection(SolutionProperties) = preSolution
		HideSolutionNode = FALSE
	EndGlobalSection
	GlobalSection(ProjectConfigurationPlatforms) = postSolution
		{A6EE74BE-70D7-4425-847E-2A3819C8E16F}.Debug|Any CPU.ActiveCfg = Debug|Any CPU
		{A6EE74BE-70D7-4425-847E-2A3819C8E16F}.Debug|Any CPU.Build.0 = Debug|Any CPU
		{A6EE74BE-70D7-4425-847E-2A3819C8E16F}.Release|Any CPU.ActiveCfg = Release|Any CPU
		{A6EE74BE-70D7-4425-847E-2A3819C8E16F}.Release|Any CPU.Build.0 = Release|Any CPU
		{34A90001-48D5-4209-B9D9-49DD8C5834FB}.Debug|Any CPU.ActiveCfg = Debug|Any CPU
		{34A90001-48D5-4209-B9D9-49DD8C5834FB}.Debug|Any CPU.Build.0 = Debug|Any CPU
		{34A90001-48D5-4209-B9D9-49DD8C5834FB}.Release|Any CPU.ActiveCfg = Release|Any CPU
		{34A90001-48D5-4209-B9D9-49DD8C5834FB}.Release|Any CPU.Build.0 = Release|Any CPU
		{1FDFFD00-D98B-42CA-B74F-0A85A876FDE2}.Debug|Any CPU.ActiveCfg = Debug|Any CPU
		{1FDFFD00-D98B-42CA-B74F-0A85A876FDE2}.Debug|Any CPU.Build.0 = Debug|Any CPU
		{1FDFFD00-D98B-42CA-B74F-0A85A876FDE2}.Release|Any CPU.ActiveCfg = Release|Any CPU
		{1FDFFD00-D98B-42CA-B74F-0A85A876FDE2}.Release|Any CPU.Build.0 = Release|Any CPU
		{F120433D-18F5-4A3B-B34A-4609DD52C9A9}.Debug|Any CPU.ActiveCfg = Debug|Any CPU
		{F120433D-18F5-4A3B-B34A-4609DD52C9A9}.Debug|Any CPU.Build.0 = Debug|Any CPU
		{F120433D-18F5-4A3B-B34A-4609DD52C9A9}.Release|Any CPU.ActiveCfg = Release|Any CPU
		{F120433D-18F5-4A3B-B34A-4609DD52C9A9}.Release|Any CPU.Build.0 = Release|Any CPU
	EndGlobalSection
	GlobalSection(NestedProjects) = preSolution
		{A6EE74BE-70D7-4425-847E-2A3819C8E16F} = {FB77FEE9-65C4-49D9-B870-8FF9D8FFAE46}
		{34A90001-48D5-4209-B9D9-49DD8C5834FB} = {FB77FEE9-65C4-49D9-B870-8FF9D8FFAE46}
		{1FDFFD00-D98B-42CA-B74F-0A85A876FDE2} = {FB77FEE9-65C4-49D9-B870-8FF9D8FFAE46}
		{F120433D-18F5-4A3B-B34A-4609DD52C9A9} = {FB77FEE9-65C4-49D9-B870-8FF9D8FFAE46}
	EndGlobalSection
EndGlobal
